// !$*UTF8*$!
{
	archiveVersion = 1;
	classes = {
	};
	objectVersion = 77;
	objects = {

/* Begin PBXContainerItemProxy section */
		7228CF692D9DEE4300ED4341 /* PBXContainerItemProxy */ = {
			isa = PBXContainerItemProxy;
			containerPortal = 7228CF4E2D9DEE4000ED4341 /* Project object */;
			proxyType = 1;
			remoteGlobalIDString = 7228CF552D9DEE4000ED4341;
			remoteInfo = PomoGachV1;
		};
		7228CF732D9DEE4300ED4341 /* PBXContainerItemProxy */ = {
			isa = PBXContainerItemProxy;
			containerPortal = 7228CF4E2D9DEE4000ED4341 /* Project object */;
			proxyType = 1;
			remoteGlobalIDString = 7228CF552D9DEE4000ED4341;
			remoteInfo = PomoGachV1;
		};
/* End PBXContainerItemProxy section */

/* Begin PBXFileReference section */
		7228CF562D9DEE4000ED4341 /* PomoGachV1.app */ = {isa = PBXFileReference; explicitFileType = wrapper.application; includeInIndex = 0; path = PomoGachV1.app; sourceTree = BUILT_PRODUCTS_DIR; };
		7228CF682D9DEE4300ED4341 /* PomoGachV1Tests.xctest */ = {isa = PBXFileReference; explicitFileType = wrapper.cfbundle; includeInIndex = 0; path = PomoGachV1Tests.xctest; sourceTree = BUILT_PRODUCTS_DIR; };
		7228CF722D9DEE4300ED4341 /* PomoGachV1UITests.xctest */ = {isa = PBXFileReference; explicitFileType = wrapper.cfbundle; includeInIndex = 0; path = PomoGachV1UITests.xctest; sourceTree = BUILT_PRODUCTS_DIR; };
/* End PBXFileReference section */

/* Begin PBXFileSystemSynchronizedRootGroup section */
		7228CF582D9DEE4000ED4341 /* PomoGachV1 */ = {
			isa = PBXFileSystemSynchronizedRootGroup;
			path = PomoGachV1;
			sourceTree = "<group>";
		};
		7228CF6B2D9DEE4300ED4341 /* PomoGachV1Tests */ = {
			isa = PBXFileSystemSynchronizedRootGroup;
			path = PomoGachV1Tests;
			sourceTree = "<group>";
		};
		7228CF752D9DEE4300ED4341 /* PomoGachV1UITests */ = {
			isa = PBXFileSystemSynchronizedRootGroup;
			path = PomoGachV1UITests;
			sourceTree = "<group>";
		};
/* End PBXFileSystemSynchronizedRootGroup section */

/* Begin PBXFrameworksBuildPhase section */
		7228CF532D9DEE4000ED4341 /* Frameworks */ = {
			isa = PBXFrameworksBuildPhase;
			buildActionMask = 2147483647;
			files = (
			);
			runOnlyForDeploymentPostprocessing = 0;
		};
		7228CF652D9DEE4300ED4341 /* Frameworks */ = {
			isa = PBXFrameworksBuildPhase;
			buildActionMask = 2147483647;
			files = (
			);
			runOnlyForDeploymentPostprocessing = 0;
		};
		7228CF6F2D9DEE4300ED4341 /* Frameworks */ = {
			isa = PBXFrameworksBuildPhase;
			buildActionMask = 2147483647;
			files = (
			);
			runOnlyForDeploymentPostprocessing = 0;
		};
/* End PBXFrameworksBuildPhase section */

/* Begin PBXGroup section */
		7228CF4D2D9DEE4000ED4341 = {
			isa = PBXGroup;
			children = (
				7228CF582D9DEE4000ED4341 /* PomoGachV1 */,
				7228CF6B2D9DEE4300ED4341 /* PomoGachV1Tests */,
				7228CF752D9DEE4300ED4341 /* PomoGachV1UITests */,
				7228CF572D9DEE4000ED4341 /* Products */,
			);
			sourceTree = "<group>";
		};
		7228CF572D9DEE4000ED4341 /* Products */ = {
			isa = PBXGroup;
			children = (
				7228CF562D9DEE4000ED4341 /* PomoGachV1.app */,
				7228CF682D9DEE4300ED4341 /* PomoGachV1Tests.xctest */,
				7228CF722D9DEE4300ED4341 /* PomoGachV1UITests.xctest */,
			);
			name = Products;
			sourceTree = "<group>";
		};
/* End PBXGroup section */

/* Begin PBXNativeTarget section */
		7228CF552D9DEE4000ED4341 /* PomoGachV1 */ = {
			isa = PBXNativeTarget;
			buildConfigurationList = 7228CF7C2D9DEE4300ED4341 /* Build configuration list for PBXNativeTarget "PomoGachV1" */;
			buildPhases = (
				7228CF522D9DEE4000ED4341 /* Sources */,
				7228CF532D9DEE4000ED4341 /* Frameworks */,
				7228CF542D9DEE4000ED4341 /* Resources */,
			);
			buildRules = (
			);
			dependencies = (
			);
			fileSystemSynchronizedGroups = (
				7228CF582D9DEE4000ED4341 /* PomoGachV1 */,
			);
			name = PomoGachV1;
			packageProductDependencies = (
			);
			productName = PomoGachV1;
			productReference = 7228CF562D9DEE4000ED4341 /* PomoGachV1.app */;
			productType = "com.apple.product-type.application";
		};
		7228CF672D9DEE4300ED4341 /* PomoGachV1Tests */ = {
			isa = PBXNativeTarget;
			buildConfigurationList = 7228CF7F2D9DEE4300ED4341 /* Build configuration list for PBXNativeTarget "PomoGachV1Tests" */;
			buildPhases = (
				7228CF642D9DEE4300ED4341 /* Sources */,
				7228CF652D9DEE4300ED4341 /* Frameworks */,
				7228CF662D9DEE4300ED4341 /* Resources */,
			);
			buildRules = (
			);
			dependencies = (
				7228CF6A2D9DEE4300ED4341 /* PBXTargetDependency */,
			);
			fileSystemSynchronizedGroups = (
				7228CF6B2D9DEE4300ED4341 /* PomoGachV1Tests */,
			);
			name = PomoGachV1Tests;
			packageProductDependencies = (
			);
			productName = PomoGachV1Tests;
			productReference = 7228CF682D9DEE4300ED4341 /* PomoGachV1Tests.xctest */;
			productType = "com.apple.product-type.bundle.unit-test";
		};
		7228CF712D9DEE4300ED4341 /* PomoGachV1UITests */ = {
			isa = PBXNativeTarget;
			buildConfigurationList = 7228CF822D9DEE4300ED4341 /* Build configuration list for PBXNativeTarget "PomoGachV1UITests" */;
			buildPhases = (
				7228CF6E2D9DEE4300ED4341 /* Sources */,
				7228CF6F2D9DEE4300ED4341 /* Frameworks */,
				7228CF702D9DEE4300ED4341 /* Resources */,
			);
			buildRules = (
			);
			dependencies = (
				7228CF742D9DEE4300ED4341 /* PBXTargetDependency */,
			);
			fileSystemSynchronizedGroups = (
				7228CF752D9DEE4300ED4341 /* PomoGachV1UITests */,
			);
			name = PomoGachV1UITests;
			packageProductDependencies = (
			);
			productName = PomoGachV1UITests;
			productReference = 7228CF722D9DEE4300ED4341 /* PomoGachV1UITests.xctest */;
			productType = "com.apple.product-type.bundle.ui-testing";
		};
/* End PBXNativeTarget section */

/* Begin PBXProject section */
		7228CF4E2D9DEE4000ED4341 /* Project object */ = {
			isa = PBXProject;
			attributes = {
				BuildIndependentTargetsInParallel = 1;
				LastSwiftUpdateCheck = 1600;
				LastUpgradeCheck = 1600;
				TargetAttributes = {
					7228CF552D9DEE4000ED4341 = {
						CreatedOnToolsVersion = 16.0;
					};
					7228CF672D9DEE4300ED4341 = {
						CreatedOnToolsVersion = 16.0;
						TestTargetID = 7228CF552D9DEE4000ED4341;
					};
					7228CF712D9DEE4300ED4341 = {
						CreatedOnToolsVersion = 16.0;
						TestTargetID = 7228CF552D9DEE4000ED4341;
					};
				};
			};
			buildConfigurationList = 7228CF512D9DEE4000ED4341 /* Build configuration list for PBXProject "PomoGachV1" */;
			developmentRegion = en;
			hasScannedForEncodings = 0;
			knownRegions = (
				en,
				Base,
			);
			mainGroup = 7228CF4D2D9DEE4000ED4341;
			minimizedProjectReferenceProxies = 1;
			preferredProjectObjectVersion = 77;
			productRefGroup = 7228CF572D9DEE4000ED4341 /* Products */;
			projectDirPath = "";
			projectRoot = "";
			targets = (
				7228CF552D9DEE4000ED4341 /* PomoGachV1 */,
				7228CF672D9DEE4300ED4341 /* PomoGachV1Tests */,
				7228CF712D9DEE4300ED4341 /* PomoGachV1UITests */,
			);
		};
/* End PBXProject section */

/* Begin PBXResourcesBuildPhase section */
		7228CF542D9DEE4000ED4341 /* Resources */ = {
			isa = PBXResourcesBuildPhase;
			buildActionMask = 2147483647;
			files = (
			);
			runOnlyForDeploymentPostprocessing = 0;
		};
		7228CF662D9DEE4300ED4341 /* Resources */ = {
			isa = PBXResourcesBuildPhase;
			buildActionMask = 2147483647;
			files = (
			);
			runOnlyForDeploymentPostprocessing = 0;
		};
		7228CF702D9DEE4300ED4341 /* Resources */ = {
			isa = PBXResourcesBuildPhase;
			buildActionMask = 2147483647;
			files = (
			);
			runOnlyForDeploymentPostprocessing = 0;
		};
/* End PBXResourcesBuildPhase section */

/* Begin PBXSourcesBuildPhase section */
		7228CF522D9DEE4000ED4341 /* Sources */ = {
			isa = PBXSourcesBuildPhase;
			buildActionMask = 2147483647;
			files = (
			);
			runOnlyForDeploymentPostprocessing = 0;
		};
		7228CF642D9DEE4300ED4341 /* Sources */ = {
			isa = PBXSourcesBuildPhase;
			buildActionMask = 2147483647;
			files = (
			);
			runOnlyForDeploymentPostprocessing = 0;
		};
		7228CF6E2D9DEE4300ED4341 /* Sources */ = {
			isa = PBXSourcesBuildPhase;
			buildActionMask = 2147483647;
			files = (
			);
			runOnlyForDeploymentPostprocessing = 0;
		};
/* End PBXSourcesBuildPhase section */

/* Begin PBXTargetDependency section */
		7228CF6A2D9DEE4300ED4341 /* PBXTargetDependency */ = {
			isa = PBXTargetDependency;
			target = 7228CF552D9DEE4000ED4341 /* PomoGachV1 */;
			targetProxy = 7228CF692D9DEE4300ED4341 /* PBXContainerItemProxy */;
		};
		7228CF742D9DEE4300ED4341 /* PBXTargetDependency */ = {
			isa = PBXTargetDependency;
			target = 7228CF552D9DEE4000ED4341 /* PomoGachV1 */;
			targetProxy = 7228CF732D9DEE4300ED4341 /* PBXContainerItemProxy */;
		};
/* End PBXTargetDependency section */

/* Begin XCBuildConfiguration section */
		7228CF7A2D9DEE4300ED4341 /* Debug */ = {
			isa = XCBuildConfiguration;
			buildSettings = {
				ALWAYS_SEARCH_USER_PATHS = NO;
				ASSETCATALOG_COMPILER_GENERATE_SWIFT_ASSET_SYMBOL_EXTENSIONS = YES;
				CLANG_ANALYZER_NONNULL = YES;
				CLANG_ANALYZER_NUMBER_OBJECT_CONVERSION = YES_AGGRESSIVE;
				CLANG_CXX_LANGUAGE_STANDARD = "gnu++20";
				CLANG_ENABLE_MODULES = YES;
				CLANG_ENABLE_OBJC_ARC = YES;
				CLANG_ENABLE_OBJC_WEAK = YES;
				CLANG_WARN_BLOCK_CAPTURE_AUTORELEASING = YES;
				CLANG_WARN_BOOL_CONVERSION = YES;
				CLANG_WARN_COMMA = YES;
				CLANG_WARN_CONSTANT_CONVERSION = YES;
				CLANG_WARN_DEPRECATED_OBJC_IMPLEMENTATIONS = YES;
				CLANG_WARN_DIRECT_OBJC_ISA_USAGE = YES_ERROR;
				CLANG_WARN_DOCUMENTATION_COMMENTS = YES;
				CLANG_WARN_EMPTY_BODY = YES;
				CLANG_WARN_ENUM_CONVERSION = YES;
				CLANG_WARN_INFINITE_RECURSION = YES;
				CLANG_WARN_INT_CONVERSION = YES;
				CLANG_WARN_NON_LITERAL_NULL_CONVERSION = YES;
				CLANG_WARN_OBJC_IMPLICIT_RETAIN_SELF = YES;
				CLANG_WARN_OBJC_LITERAL_CONVERSION = YES;
				CLANG_WARN_OBJC_ROOT_CLASS = YES_ERROR;
				CLANG_WARN_QUOTED_INCLUDE_IN_FRAMEWORK_HEADER = YES;
				CLANG_WARN_RANGE_LOOP_ANALYSIS = YES;
				CLANG_WARN_STRICT_PROTOTYPES = YES;
				CLANG_WARN_SUSPICIOUS_MOVE = YES;
				CLANG_WARN_UNGUARDED_AVAILABILITY = YES_AGGRESSIVE;
				CLANG_WARN_UNREACHABLE_CODE = YES;
				CLANG_WARN__DUPLICATE_METHOD_MATCH = YES;
				COPY_PHASE_STRIP = NO;
				DEBUG_INFORMATION_FORMAT = dwarf;
				ENABLE_STRICT_OBJC_MSGSEND = YES;
				ENABLE_TESTABILITY = YES;
				ENABLE_USER_SCRIPT_SANDBOXING = YES;
				GCC_C_LANGUAGE_STANDARD = gnu17;
				GCC_DYNAMIC_NO_PIC = NO;
				GCC_NO_COMMON_BLOCKS = YES;
				GCC_OPTIMIZATION_LEVEL = 0;
				GCC_PREPROCESSOR_DEFINITIONS = (
					"DEBUG=1",
					"$(inherited)",
				);
				GCC_WARN_64_TO_32_BIT_CONVERSION = YES;
				GCC_WARN_ABOUT_RETURN_TYPE = YES_ERROR;
				GCC_WARN_UNDECLARED_SELECTOR = YES;
				GCC_WARN_UNINITIALIZED_AUTOS = YES_AGGRESSIVE;
				GCC_WARN_UNUSED_FUNCTION = YES;
				GCC_WARN_UNUSED_VARIABLE = YES;
				IPHONEOS_DEPLOYMENT_TARGET = 18.0;
				LOCALIZATION_PREFERS_STRING_CATALOGS = YES;
				MTL_ENABLE_DEBUG_INFO = INCLUDE_SOURCE;
				MTL_FAST_MATH = YES;
				ONLY_ACTIVE_ARCH = YES;
				SDKROOT = iphoneos;
				SWIFT_ACTIVE_COMPILATION_CONDITIONS = "DEBUG $(inherited)";
				SWIFT_OPTIMIZATION_LEVEL = "-Onone";
			};
			name = Debug;
		};
		7228CF7B2D9DEE4300ED4341 /* Release */ = {
			isa = XCBuildConfiguration;
			buildSettings = {
				ALWAYS_SEARCH_USER_PATHS = NO;
				ASSETCATALOG_COMPILER_GENERATE_SWIFT_ASSET_SYMBOL_EXTENSIONS = YES;
				CLANG_ANALYZER_NONNULL = YES;
				CLANG_ANALYZER_NUMBER_OBJECT_CONVERSION = YES_AGGRESSIVE;
				CLANG_CXX_LANGUAGE_STANDARD = "gnu++20";
				CLANG_ENABLE_MODULES = YES;
				CLANG_ENABLE_OBJC_ARC = YES;
				CLANG_ENABLE_OBJC_WEAK = YES;
				CLANG_WARN_BLOCK_CAPTURE_AUTORELEASING = YES;
				CLANG_WARN_BOOL_CONVERSION = YES;
				CLANG_WARN_COMMA = YES;
				CLANG_WARN_CONSTANT_CONVERSION = YES;
				CLANG_WARN_DEPRECATED_OBJC_IMPLEMENTATIONS = YES;
				CLANG_WARN_DIRECT_OBJC_ISA_USAGE = YES_ERROR;
				CLANG_WARN_DOCUMENTATION_COMMENTS = YES;
				CLANG_WARN_EMPTY_BODY = YES;
				CLANG_WARN_ENUM_CONVERSION = YES;
				CLANG_WARN_INFINITE_RECURSION = YES;
				CLANG_WARN_INT_CONVERSION = YES;
				CLANG_WARN_NON_LITERAL_NULL_CONVERSION = YES;
				CLANG_WARN_OBJC_IMPLICIT_RETAIN_SELF = YES;
				CLANG_WARN_OBJC_LITERAL_CONVERSION = YES;
				CLANG_WARN_OBJC_ROOT_CLASS = YES_ERROR;
				CLANG_WARN_QUOTED_INCLUDE_IN_FRAMEWORK_HEADER = YES;
				CLANG_WARN_RANGE_LOOP_ANALYSIS = YES;
				CLANG_WARN_STRICT_PROTOTYPES = YES;
				CLANG_WARN_SUSPICIOUS_MOVE = YES;
				CLANG_WARN_UNGUARDED_AVAILABILITY = YES_AGGRESSIVE;
				CLANG_WARN_UNREACHABLE_CODE = YES;
				CLANG_WARN__DUPLICATE_METHOD_MATCH = YES;
				COPY_PHASE_STRIP = NO;
				DEBUG_INFORMATION_FORMAT = "dwarf-with-dsym";
				ENABLE_NS_ASSERTIONS = NO;
				ENABLE_STRICT_OBJC_MSGSEND = YES;
				ENABLE_USER_SCRIPT_SANDBOXING = YES;
				GCC_C_LANGUAGE_STANDARD = gnu17;
				GCC_NO_COMMON_BLOCKS = YES;
				GCC_WARN_64_TO_32_BIT_CONVERSION = YES;
				GCC_WARN_ABOUT_RETURN_TYPE = YES_ERROR;
				GCC_WARN_UNDECLARED_SELECTOR = YES;
				GCC_WARN_UNINITIALIZED_AUTOS = YES_AGGRESSIVE;
				GCC_WARN_UNUSED_FUNCTION = YES;
				GCC_WARN_UNUSED_VARIABLE = YES;
				IPHONEOS_DEPLOYMENT_TARGET = 18.0;
				LOCALIZATION_PREFERS_STRING_CATALOGS = YES;
				MTL_ENABLE_DEBUG_INFO = NO;
				MTL_FAST_MATH = YES;
				SDKROOT = iphoneos;
				SWIFT_COMPILATION_MODE = wholemodule;
				VALIDATE_PRODUCT = YES;
			};
			name = Release;
		};
		7228CF7D2D9DEE4300ED4341 /* Debug */ = {
			isa = XCBuildConfiguration;
			buildSettings = {
				ASSETCATALOG_COMPILER_APPICON_NAME = AppIcon;
				ASSETCATALOG_COMPILER_GLOBAL_ACCENT_COLOR_NAME = AccentColor;
				CODE_SIGN_STYLE = Automatic;
				CURRENT_PROJECT_VERSION = 1;
				DEVELOPMENT_ASSET_PATHS = "\"PomoGachV1/Preview Content\"";
				DEVELOPMENT_TEAM = JHXDKW8K5T;
				ENABLE_PREVIEWS = YES;
				GENERATE_INFOPLIST_FILE = YES;
				INFOPLIST_KEY_UIApplicationSceneManifest_Generation = YES;
				INFOPLIST_KEY_UIApplicationSupportsIndirectInputEvents = YES;
				INFOPLIST_KEY_UILaunchScreen_Generation = YES;
				INFOPLIST_KEY_UISupportedInterfaceOrientations_iPad = "UIInterfaceOrientationPortrait UIInterfaceOrientationPortraitUpsideDown UIInterfaceOrientationLandscapeLeft UIInterfaceOrientationLandscapeRight";
				INFOPLIST_KEY_UISupportedInterfaceOrientations_iPhone = "UIInterfaceOrientationPortrait UIInterfaceOrientationLandscapeLeft UIInterfaceOrientationLandscapeRight";
				LD_RUNPATH_SEARCH_PATHS = (
					"$(inherited)",
					"@executable_path/Frameworks",
				);
				MARKETING_VERSION = 1.0;
				PRODUCT_BUNDLE_IDENTIFIER = personal.PomoGachV1;
				PRODUCT_NAME = "$(TARGET_NAME)";
				SWIFT_EMIT_LOC_STRINGS = YES;
				SWIFT_VERSION = 5.0;
				TARGETED_DEVICE_FAMILY = "1,2";
			};
			name = Debug;
		};
		7228CF7E2D9DEE4300ED4341 /* Release */ = {
			isa = XCBuildConfiguration;
			buildSettings = {
				ASSETCATALOG_COMPILER_APPICON_NAME = AppIcon;
				ASSETCATALOG_COMPILER_GLOBAL_ACCENT_COLOR_NAME = AccentColor;
				CODE_SIGN_STYLE = Automatic;
				CURRENT_PROJECT_VERSION = 1;
				DEVELOPMENT_ASSET_PATHS = "\"PomoGachV1/Preview Content\"";
				DEVELOPMENT_TEAM = JHXDKW8K5T;
				ENABLE_PREVIEWS = YES;
				GENERATE_INFOPLIST_FILE = YES;
				INFOPLIST_KEY_UIApplicationSceneManifest_Generation = YES;
				INFOPLIST_KEY_UIApplicationSupportsIndirectInputEvents = YES;
				INFOPLIST_KEY_UILaunchScreen_Generation = YES;
				INFOPLIST_KEY_UISupportedInterfaceOrientations_iPad = "UIInterfaceOrientationPortrait UIInterfaceOrientationPortraitUpsideDown UIInterfaceOrientationLandscapeLeft UIInterfaceOrientationLandscapeRight";
				INFOPLIST_KEY_UISupportedInterfaceOrientations_iPhone = "UIInterfaceOrientationPortrait UIInterfaceOrientationLandscapeLeft UIInterfaceOrientationLandscapeRight";
				LD_RUNPATH_SEARCH_PATHS = (
					"$(inherited)",
					"@executable_path/Frameworks",
				);
				MARKETING_VERSION = 1.0;
				PRODUCT_BUNDLE_IDENTIFIER = personal.PomoGachV1;
				PRODUCT_NAME = "$(TARGET_NAME)";
				SWIFT_EMIT_LOC_STRINGS = YES;
				SWIFT_VERSION = 5.0;
				TARGETED_DEVICE_FAMILY = "1,2";
			};
			name = Release;
		};
		7228CF802D9DEE4300ED4341 /* Debug */ = {
			isa = XCBuildConfiguration;
			buildSettings = {
				BUNDLE_LOADER = "$(TEST_HOST)";
				CODE_SIGN_STYLE = Automatic;
				CURRENT_PROJECT_VERSION = 1;
				DEVELOPMENT_TEAM = JHXDKW8K5T;
				GENERATE_INFOPLIST_FILE = YES;
				IPHONEOS_DEPLOYMENT_TARGET = 18.0;
				MARKETING_VERSION = 1.0;
				PRODUCT_BUNDLE_IDENTIFIER = personal.PomoGachV1Tests;
				PRODUCT_NAME = "$(TARGET_NAME)";
				SWIFT_EMIT_LOC_STRINGS = NO;
				SWIFT_VERSION = 5.0;
				TARGETED_DEVICE_FAMILY = "1,2";
				TEST_HOST = "$(BUILT_PRODUCTS_DIR)/PomoGachV1.app/$(BUNDLE_EXECUTABLE_FOLDER_PATH)/PomoGachV1";
			};
			name = Debug;
		};
		7228CF812D9DEE4300ED4341 /* Release */ = {
			isa = XCBuildConfiguration;
			buildSettings = {
				BUNDLE_LOADER = "$(TEST_HOST)";
				CODE_SIGN_STYLE = Automatic;
				CURRENT_PROJECT_VERSION = 1;
				DEVELOPMENT_TEAM = JHXDKW8K5T;
				GENERATE_INFOPLIST_FILE = YES;
				IPHONEOS_DEPLOYMENT_TARGET = 18.0;
				MARKETING_VERSION = 1.0;
				PRODUCT_BUNDLE_IDENTIFIER = personal.PomoGachV1Tests;
				PRODUCT_NAME = "$(TARGET_NAME)";
				SWIFT_EMIT_LOC_STRINGS = NO;
				SWIFT_VERSION = 5.0;
				TARGETED_DEVICE_FAMILY = "1,2";
				TEST_HOST = "$(BUILT_PRODUCTS_DIR)/PomoGachV1.app/$(BUNDLE_EXECUTABLE_FOLDER_PATH)/PomoGachV1";
			};
			name = Release;
		};
		7228CF832D9DEE4300ED4341 /* Debug */ = {
			isa = XCBuildConfiguration;
			buildSettings = {
				CODE_SIGN_STYLE = Automatic;
				CURRENT_PROJECT_VERSION = 1;
				DEVELOPMENT_TEAM = JHXDKW8K5T;
				GENERATE_INFOPLIST_FILE = YES;
				MARKETING_VERSION = 1.0;
				PRODUCT_BUNDLE_IDENTIFIER = personal.PomoGachV1UITests;
				PRODUCT_NAME = "$(TARGET_NAME)";
				SWIFT_EMIT_LOC_STRINGS = NO;
				SWIFT_VERSION = 5.0;
				TARGETED_DEVICE_FAMILY = "1,2";
				TEST_TARGET_NAME = PomoGachV1;
			};
			name = Debug;
		};
		7228CF842D9DEE4300ED4341 /* Release */ = {
			isa = XCBuildConfiguration;
			buildSettings = {
				CODE_SIGN_STYLE = Automatic;
				CURRENT_PROJECT_VERSION = 1;
				DEVELOPMENT_TEAM = JHXDKW8K5T;
				GENERATE_INFOPLIST_FILE = YES;
				MARKETING_VERSION = 1.0;
				PRODUCT_BUNDLE_IDENTIFIER = personal.PomoGachV1UITests;
				PRODUCT_NAME = "$(TARGET_NAME)";
				SWIFT_EMIT_LOC_STRINGS = NO;
				SWIFT_VERSION = 5.0;
				TARGETED_DEVICE_FAMILY = "1,2";
				TEST_TARGET_NAME = PomoGachV1;
			};
			name = Release;
		};
/* End XCBuildConfiguration section */

/* Begin XCConfigurationList section */
		7228CF512D9DEE4000ED4341 /* Build configuration list for PBXProject "PomoGachV1" */ = {
			isa = XCConfigurationList;
			buildConfigurations = (
				7228CF7A2D9DEE4300ED4341 /* Debug */,
				7228CF7B2D9DEE4300ED4341 /* Release */,
			);
			defaultConfigurationIsVisible = 0;
			defaultConfigurationName = Release;
		};
		7228CF7C2D9DEE4300ED4341 /* Build configuration list for PBXNativeTarget "PomoGachV1" */ = {
			isa = XCConfigurationList;
			buildConfigurations = (
				7228CF7D2D9DEE4300ED4341 /* Debug */,
				7228CF7E2D9DEE4300ED4341 /* Release */,
			);
			defaultConfigurationIsVisible = 0;
			defaultConfigurationName = Release;
		};
		7228CF7F2D9DEE4300ED4341 /* Build configuration list for PBXNativeTarget "PomoGachV1Tests" */ = {
			isa = XCConfigurationList;
			buildConfigurations = (
				7228CF802D9DEE4300ED4341 /* Debug */,
				7228CF812D9DEE4300ED4341 /* Release */,
			);
			defaultConfigurationIsVisible = 0;
			defaultConfigurationName = Release;
		};
		7228CF822D9DEE4300ED4341 /* Build configuration list for PBXNativeTarget "PomoGachV1UITests" */ = {
			isa = XCConfigurationList;
			buildConfigurations = (
				7228CF832D9DEE4300ED4341 /* Debug */,
				7228CF842D9DEE4300ED4341 /* Release */,
			);
			defaultConfigurationIsVisible = 0;
			defaultConfigurationName = Release;
		};
/* End XCConfigurationList section */
	};
	rootObject = 7228CF4E2D9DEE4000ED4341 /* Project object */;
}
